
Microsoft Visual Studio Solution File, Format Version 12.00
# Visual Studio Version 16
VisualStudioVersion = 16.0.31702.278
MinimumVisualStudioVersion = 10.0.40219.1
Project("{FAE04EC0-301F-11D3-BF4B-00C04F79EFBC}") = "projeto 3", "projeto 3\projeto 3.csproj", "{620EA894-6FA2-4549-A455-208FF7B25AAD}"
EndProject
Global
	GlobalSection(SolutionConfigurationPlatforms) = preSolution
		Debug|Any CPU = Debug|Any CPU
		Release|Any CPU = Release|Any CPU
	EndGlobalSection
	GlobalSection(ProjectConfigurationPlatforms) = postSolution
		{620EA894-6FA2-4549-A455-208FF7B25AAD}.Debug|Any CPU.ActiveCfg = Debug|Any CPU
		{620EA894-6FA2-4549-A455-208FF7B25AAD}.Debug|Any CPU.Build.0 = Debug|Any CPU
		{620EA894-6FA2-4549-A455-208FF7B25AAD}.Release|Any CPU.ActiveCfg = Release|Any CPU
		{620EA894-6FA2-4549-A455-208FF7B25AAD}.Release|Any CPU.Build.0 = Release|Any CPU
	EndGlobalSection
	GlobalSection(SolutionProperties) = preSolution
		HideSolutionNode = FALSE
	EndGlobalSection
	GlobalSection(ExtensibilityGlobals) = postSolution
		SolutionGuid = {8E590033-4802-406E-958F-EFEE4A1C9341}
	EndGlobalSection
EndGlobal
